
Microsoft Visual Studio Solution File, Format Version 12.00
# Visual Studio Version 17
VisualStudioVersion = 17.11.35327.3
MinimumVisualStudioVersion = 10.0.40219.1
Project("{FAE04EC0-301F-11D3-BF4B-00C04F79EFBC}") = "HangmanGame", "HangmanGame\HangmanGame.csproj", "{80D3ADE4-8A88-49FC-B2F3-F786CC2B4CC9}"
EndProject
Global
	GlobalSection(SolutionConfigurationPlatforms) = preSolution
		Debug|Any CPU = Debug|Any CPU
		Release|Any CPU = Release|Any CPU
	EndGlobalSection
	GlobalSection(ProjectConfigurationPlatforms) = postSolution
		{80D3ADE4-8A88-49FC-B2F3-F786CC2B4CC9}.Debug|Any CPU.ActiveCfg = Debug|Any CPU
		{80D3ADE4-8A88-49FC-B2F3-F786CC2B4CC9}.Debug|Any CPU.Build.0 = Debug|Any CPU
		{80D3ADE4-8A88-49FC-B2F3-F786CC2B4CC9}.Debug|Any CPU.Deploy.0 = Debug|Any CPU
		{80D3ADE4-8A88-49FC-B2F3-F786CC2B4CC9}.Release|Any CPU.ActiveCfg = Release|Any CPU
		{80D3ADE4-8A88-49FC-B2F3-F786CC2B4CC9}.Release|Any CPU.Build.0 = Release|Any CPU
		{80D3ADE4-8A88-49FC-B2F3-F786CC2B4CC9}.Release|Any CPU.Deploy.0 = Release|Any CPU
	EndGlobalSection
	GlobalSection(SolutionProperties) = preSolution
		HideSolutionNode = FALSE
	EndGlobalSection
	GlobalSection(ExtensibilityGlobals) = postSolution
		SolutionGuid = {D71DB916-78F8-4ABE-84E0-542CEA40386D}
	EndGlobalSection
EndGlobal
